# THIS IS AN AUTOGENERATED FILE. DO NOT EDIT THIS FILE DIRECTLY.
# yarn lockfile v1


"@babel/runtime@^7.10.3":
  version "7.11.2"
  resolved "https://registry.yarnpkg.com/@babel/runtime/-/runtime-7.11.2.tgz#f549c13c754cc40b87644b9fa9f09a6a95fe0736"
  integrity sha512-TeWkU52so0mPtDcaCTxNBI/IHiz0pZgr8VEFqXFtZWpYD08ZB6FaSwVAS8MKRQAP3bYKiVjwysOJgMFY28o6Tw==
  dependencies:
    regenerator-runtime "^0.13.4"

compass-vertical-rhythm@^1.4.5:
  version "1.4.5"
  resolved "https://registry.yarnpkg.com/compass-vertical-rhythm/-/compass-vertical-rhythm-1.4.5.tgz#4baa8d7068fda164d3675d706775d7547e8750f5"
  integrity sha512-bJo3IYX7xmmZCDYjrT2XolaiNjGZ4E2JvUGxpdU0ecbH4ZLK786wvc8aHKVrGrKct9JlkmJbUi8YLrQWvOc+uA==
  dependencies:
    convert-css-length "^1.0.1"
    object-assign "^4.1.0"
    parse-unit "^1.0.1"

console-polyfill@^0.1.2:
  version "0.1.2"
  resolved "https://registry.yarnpkg.com/console-polyfill/-/console-polyfill-0.1.2.tgz#96cfed51caf78189f699572e6f18271dc37c0e30"
  integrity sha1-ls/tUcr3gYn2mVcubxgnHcN8DjA=

convert-css-length@^1.0.1:
  version "1.0.2"
  resolved "https://registry.yarnpkg.com/convert-css-length/-/convert-css-length-1.0.2.tgz#32f38a8ac55d78372ff43562532564366c871ccc"
  integrity sha512-ecV7j3hXyXN1X2XfJBzhMR0o1Obv0v3nHmn0UiS3ACENrzbxE/EknkiunS/fCwQva0U62X1GChi8GaPh4oTlLg==
  dependencies:
    console-polyfill "^0.1.2"
    parse-unit "^1.0.1"

decamelize@^1.2.0:
  version "1.2.0"
  resolved "https://registry.yarnpkg.com/decamelize/-/decamelize-1.2.0.tgz#f6534d15148269b20352e7bee26f501f9a191290"
  integrity sha1-9lNNFRSCabIDUue+4m9QH5oZEpA=

gatsby-plugin-typography@^2.5.10:
  version "2.5.10"
  resolved "https://registry.yarnpkg.com/gatsby-plugin-typography/-/gatsby-plugin-typography-2.5.10.tgz#ef4672f105cb85a2346ebcdba55a1d3af58234e7"
  integrity sha512-5ds0l4oOAZpe8XDxcfQOaR5LDIJ5VN/tIwr2KqD5NOukOFpQ0aayvH8tDp3M+gT63VibiW0f+eCxtvpjYIfpDg==
  dependencies:
    "@babel/runtime" "^7.10.3"

gray-percentage@^2.0.0:
  version "2.0.0"
  resolved "https://registry.yarnpkg.com/gray-percentage/-/gray-percentage-2.0.0.tgz#b72a274d1b1379104a0050b63b207dc53fe56f99"
  integrity sha1-tyonTRsTeRBKAFC2OyB9xT/lb5k=

lodash.isnumber@^3.0.0:
  version "3.0.3"
  resolved "https://registry.yarnpkg.com/lodash.isnumber/-/lodash.isnumber-3.0.3.tgz#3ce76810c5928d03352301ac287317f11c0b1ffc"
  integrity sha1-POdoEMWSjQM1IwGsKHMX8RwLH/w=

lodash@^4.13.1:
  version "4.17.20"
  resolved "https://registry.yarnpkg.com/lodash/-/lodash-4.17.20.tgz#b44a9b6297bcb698f1c51a3545a2b3b368d59c52"
  integrity sha512-PlhdFcillOINfeV7Ni6oF1TAEayyZBoZ8bcshTHqOYJYlrqzRK5hagpagky5o4HfCzzd1TRkXPMFq6cKk9rGmA==

modularscale@^1.0.2:
  version "1.0.2"
  resolved "https://registry.yarnpkg.com/modularscale/-/modularscale-1.0.2.tgz#4a8f13af32a5e5214fc6e2cfc529064abfd7d877"
  integrity sha1-So8TrzKl5SFPxuLPxSkGSr/X2Hc=
  dependencies:
    lodash.isnumber "^3.0.0"

object-assign@^4.1.0:
  version "4.1.1"
  resolved "https://registry.yarnpkg.com/object-assign/-/object-assign-4.1.1.tgz#2109adc7965887cfc05cbbd442cac8bfbb360863"
  integrity sha1-IQmtx5ZYh8/AXLvUQsrIv7s2CGM=

parse-unit@^1.0.1:
  version "1.0.1"
  resolved "https://registry.yarnpkg.com/parse-unit/-/parse-unit-1.0.1.tgz#7e1bb6d5bef3874c28e392526a2541170291eecf"
  integrity sha1-fhu21b7zh0wo45JSaiVBFwKR7s8=

react-typography@^0.16.19:
  version "0.16.19"
  resolved "https://registry.yarnpkg.com/react-typography/-/react-typography-0.16.19.tgz#5736b47961dcf6b9605b6fa38d41980db2588e28"
  integrity sha512-kV2qLEsdm0x9P4YXQEDVc88tDb4Vg0h/vdVZGgbqaRn8ERvNzV76JHUeOby3vvcUYU5MPd5Kz5DPH9Bhp4I/iw==

regenerator-runtime@^0.13.4:
  version "0.13.7"
  resolved "https://registry.yarnpkg.com/regenerator-runtime/-/regenerator-runtime-0.13.7.tgz#cac2dacc8a1ea675feaabaeb8ae833898ae46f55"
  integrity sha512-a54FxoJDIr27pgf7IgeQGxmqUNYrcV338lf/6gH456HZ/PhX+5BcwHXG9ajESmwe6WRO0tAzRUrRmNONWgkrew==

typography-normalize@^0.16.19:
  version "0.16.19"
  resolved "https://registry.yarnpkg.com/typography-normalize/-/typography-normalize-0.16.19.tgz#58e0cf12466870c5b27006daa051fe7307780660"
  integrity sha512-vtnSv/uGBZVbd4e/ZhZB9HKBgKKlWQUXw74+ADIHHxzKp27CEf8PSR8TX1zF2qSyQ9/qMdqLwXYz8yRQFq9JLQ==

typography@^0.16.19:
  version "0.16.19"
  resolved "https://registry.yarnpkg.com/typography/-/typography-0.16.19.tgz#092bf30a5a47495c955b54f40d3b55a7a9f28e8a"
  integrity sha512-zfsyjPPB1RaK8TzU3REta6EGDZa++YQ6g/CWw7hy/8xQK1qyzFWisMIw5J+Yg1KyiVgcchmxlgMcMA6JAJ9oew==
  dependencies:
    compass-vertical-rhythm "^1.4.5"
    decamelize "^1.2.0"
    gray-percentage "^2.0.0"
    lodash "^4.13.1"
    modularscale "^1.0.2"
    object-assign "^4.1.0"
    typography-normalize "^0.16.19"
